
Microsoft Visual Studio Solution File, Format Version 12.00
# Visual Studio Version 16
VisualStudioVersion = 16.0.29806.167
MinimumVisualStudioVersion = 10.0.40219.1
Project("{FAE04EC0-301F-11D3-BF4B-00C04F79EFBC}") = "Assessment2_Task3", "Assessment2_Task3\Assessment2_Task3.csproj", "{F17FD9CD-EB89-4B93-8A31-529A4AF4514C}"
EndProject
Global
	GlobalSection(SolutionConfigurationPlatforms) = preSolution
		Debug|Any CPU = Debug|Any CPU
		Release|Any CPU = Release|Any CPU
	EndGlobalSection
	GlobalSection(ProjectConfigurationPlatforms) = postSolution
		{F17FD9CD-EB89-4B93-8A31-529A4AF4514C}.Debug|Any CPU.ActiveCfg = Debug|Any CPU
		{F17FD9CD-EB89-4B93-8A31-529A4AF4514C}.Debug|Any CPU.Build.0 = Debug|Any CPU
		{F17FD9CD-EB89-4B93-8A31-529A4AF4514C}.Debug|Any CPU.Deploy.0 = Debug|Any CPU
		{F17FD9CD-EB89-4B93-8A31-529A4AF4514C}.Release|Any CPU.ActiveCfg = Release|Any CPU
		{F17FD9CD-EB89-4B93-8A31-529A4AF4514C}.Release|Any CPU.Build.0 = Release|Any CPU
		{F17FD9CD-EB89-4B93-8A31-529A4AF4514C}.Release|Any CPU.Deploy.0 = Release|Any CPU
	EndGlobalSection
	GlobalSection(SolutionProperties) = preSolution
		HideSolutionNode = FALSE
	EndGlobalSection
	GlobalSection(ExtensibilityGlobals) = postSolution
		SolutionGuid = {D80360DA-4C8F-461A-96D9-97EEE61A5DC7}
	EndGlobalSection
EndGlobal
